
Microsoft Visual Studio Solution File, Format Version 12.00
# Visual Studio Version 17
VisualStudioVersion = 17.6.33723.286
MinimumVisualStudioVersion = 10.0.40219.1
Project("{FAE04EC0-301F-11D3-BF4B-00C04F79EFBC}") = "ElectLive API", "ElectLive API.csproj", "{66A6338A-724A-4435-A1B8-3D46093712F0}"
EndProject
Global
	GlobalSection(SolutionConfigurationPlatforms) = preSolution
		Debug|Any CPU = Debug|Any CPU
		Release|Any CPU = Release|Any CPU
	EndGlobalSection
	GlobalSection(ProjectConfigurationPlatforms) = postSolution
		{66A6338A-724A-4435-A1B8-3D46093712F0}.Debug|Any CPU.ActiveCfg = Debug|Any CPU
		{66A6338A-724A-4435-A1B8-3D46093712F0}.Debug|Any CPU.Build.0 = Debug|Any CPU
		{66A6338A-724A-4435-A1B8-3D46093712F0}.Release|Any CPU.ActiveCfg = Release|Any CPU
		{66A6338A-724A-4435-A1B8-3D46093712F0}.Release|Any CPU.Build.0 = Release|Any CPU
	EndGlobalSection
	GlobalSection(SolutionProperties) = preSolution
		HideSolutionNode = FALSE
	EndGlobalSection
	GlobalSection(ExtensibilityGlobals) = postSolution
		SolutionGuid = {FD4BFDB2-3D6F-44C1-A16C-3A21EEE3C817}
	EndGlobalSection
EndGlobal
